// !$*UTF8*$!
{
	archiveVersion = 1;
	classes = {
	};
	objectVersion = 50;
	objects = {

/* Begin PBXBuildFile section */
		6B55792521481A3E00CE51FC /* WorkInfoViewController.swift in Sources */ = {isa = PBXBuildFile; fileRef = 6B55792421481A3E00CE51FC /* WorkInfoViewController.swift */; };
		6B55792721481B6700CE51FC /* RecordTableViewController.swift in Sources */ = {isa = PBXBuildFile; fileRef = 6B55792621481B6700CE51FC /* RecordTableViewController.swift */; };
		6B55792921481CB100CE51FC /* SettingViewController.swift in Sources */ = {isa = PBXBuildFile; fileRef = 6B55792821481CB100CE51FC /* SettingViewController.swift */; };
		6B6FEF042153EB57000653FF /* BackupViewController.swift in Sources */ = {isa = PBXBuildFile; fileRef = 6B6FEF032153EB57000653FF /* BackupViewController.swift */; };
		6B6FEF062153EB86000653FF /* PreviousBackupTableViewController.swift in Sources */ = {isa = PBXBuildFile; fileRef = 6B6FEF052153EB86000653FF /* PreviousBackupTableViewController.swift */; };
		6B6FEF082154558E000653FF /* ScreenExtension.swift in Sources */ = {isa = PBXBuildFile; fileRef = 6B6FEF072154558E000653FF /* ScreenExtension.swift */; };
		6B6FEF0B2154E3D1000653FF /* Hourglass.xcdatamodeld in Sources */ = {isa = PBXBuildFile; fileRef = 6B6FEF092154E3D1000653FF /* Hourglass.xcdatamodeld */; };
		6B8B3A4B215524C600E682B6 /* TimeMeasurementInfo+CoreDataClass.swift in Sources */ = {isa = PBXBuildFile; fileRef = 6B8B3A47215524C600E682B6 /* TimeMeasurementInfo+CoreDataClass.swift */; };
		6B8B3A4C215524C600E682B6 /* TimeMeasurementInfo+CoreDataProperties.swift in Sources */ = {isa = PBXBuildFile; fileRef = 6B8B3A48215524C600E682B6 /* TimeMeasurementInfo+CoreDataProperties.swift */; };
		6B8B3A4D215524C600E682B6 /* WorkInfo+CoreDataClass.swift in Sources */ = {isa = PBXBuildFile; fileRef = 6B8B3A49215524C600E682B6 /* WorkInfo+CoreDataClass.swift */; };
		6B8B3A4E215524C600E682B6 /* WorkInfo+CoreDataProperties.swift in Sources */ = {isa = PBXBuildFile; fileRef = 6B8B3A4A215524C600E682B6 /* WorkInfo+CoreDataProperties.swift */; };
		6B8D5A2A2139556400AB9122 /* MainViewController.swift in Sources */ = {isa = PBXBuildFile; fileRef = 6B8D5A292139556400AB9122 /* MainViewController.swift */; };
		6B8D5A2C2139584F00AB9122 /* NewWorkViewController.swift in Sources */ = {isa = PBXBuildFile; fileRef = 6B8D5A2B2139584F00AB9122 /* NewWorkViewController.swift */; };
		6B8D5A2E21395DE800AB9122 /* WorkingViewController.swift in Sources */ = {isa = PBXBuildFile; fileRef = 6B8D5A2D21395DE800AB9122 /* WorkingViewController.swift */; };
		6BC01B7F21140CCA00BD81BE /* AppDelegate.swift in Sources */ = {isa = PBXBuildFile; fileRef = 6BC01B7E21140CCA00BD81BE /* AppDelegate.swift */; };
		6BC01B8121140CCA00BD81BE /* ViewController.swift in Sources */ = {isa = PBXBuildFile; fileRef = 6BC01B8021140CCA00BD81BE /* ViewController.swift */; };
		6BC01B8421140CCA00BD81BE /* Main.storyboard in Resources */ = {isa = PBXBuildFile; fileRef = 6BC01B8221140CCA00BD81BE /* Main.storyboard */; };
		6BC01B8621140CCB00BD81BE /* Assets.xcassets in Resources */ = {isa = PBXBuildFile; fileRef = 6BC01B8521140CCB00BD81BE /* Assets.xcassets */; };
		6BC01B8921140CCB00BD81BE /* LaunchScreen.storyboard in Resources */ = {isa = PBXBuildFile; fileRef = 6BC01B8721140CCB00BD81BE /* LaunchScreen.storyboard */; };
		826A8AC7829FAD1542F911F9 /* Pods_Hourglass.framework in Frameworks */ = {isa = PBXBuildFile; fileRef = E3FAAA2F1A1710213C5A2A2E /* Pods_Hourglass.framework */; };
/* End PBXBuildFile section */

/* Begin PBXFileReference section */
		48399129BC9C3D5610DFD73B /* Pods-Hourglass.debug.xcconfig */ = {isa = PBXFileReference; includeInIndex = 1; lastKnownFileType = text.xcconfig; name = "Pods-Hourglass.debug.xcconfig"; path = "Pods/Target Support Files/Pods-Hourglass/Pods-Hourglass.debug.xcconfig"; sourceTree = "<group>"; };
		6B55792421481A3E00CE51FC /* WorkInfoViewController.swift */ = {isa = PBXFileReference; lastKnownFileType = sourcecode.swift; path = WorkInfoViewController.swift; sourceTree = "<group>"; };
		6B55792621481B6700CE51FC /* RecordTableViewController.swift */ = {isa = PBXFileReference; lastKnownFileType = sourcecode.swift; path = RecordTableViewController.swift; sourceTree = "<group>"; };
		6B55792821481CB100CE51FC /* SettingViewController.swift */ = {isa = PBXFileReference; lastKnownFileType = sourcecode.swift; path = SettingViewController.swift; sourceTree = "<group>"; };
		6B6FEF032153EB57000653FF /* BackupViewController.swift */ = {isa = PBXFileReference; lastKnownFileType = sourcecode.swift; path = BackupViewController.swift; sourceTree = "<group>"; };
		6B6FEF052153EB86000653FF /* PreviousBackupTableViewController.swift */ = {isa = PBXFileReference; lastKnownFileType = sourcecode.swift; path = PreviousBackupTableViewController.swift; sourceTree = "<group>"; };
		6B6FEF072154558E000653FF /* ScreenExtension.swift */ = {isa = PBXFileReference; lastKnownFileType = sourcecode.swift; path = ScreenExtension.swift; sourceTree = "<group>"; };
		6B6FEF0A2154E3D1000653FF /* Hourglass.xcdatamodel */ = {isa = PBXFileReference; lastKnownFileType = wrapper.xcdatamodel; path = Hourglass.xcdatamodel; sourceTree = "<group>"; };
		6B8B3A47215524C600E682B6 /* TimeMeasurementInfo+CoreDataClass.swift */ = {isa = PBXFileReference; lastKnownFileType = sourcecode.swift; path = "TimeMeasurementInfo+CoreDataClass.swift"; sourceTree = "<group>"; };
		6B8B3A48215524C600E682B6 /* TimeMeasurementInfo+CoreDataProperties.swift */ = {isa = PBXFileReference; lastKnownFileType = sourcecode.swift; path = "TimeMeasurementInfo+CoreDataProperties.swift"; sourceTree = "<group>"; };
		6B8B3A49215524C600E682B6 /* WorkInfo+CoreDataClass.swift */ = {isa = PBXFileReference; lastKnownFileType = sourcecode.swift; path = "WorkInfo+CoreDataClass.swift"; sourceTree = "<group>"; };
		6B8B3A4A215524C600E682B6 /* WorkInfo+CoreDataProperties.swift */ = {isa = PBXFileReference; lastKnownFileType = sourcecode.swift; path = "WorkInfo+CoreDataProperties.swift"; sourceTree = "<group>"; };
		6B8D5A292139556400AB9122 /* MainViewController.swift */ = {isa = PBXFileReference; lastKnownFileType = sourcecode.swift; path = MainViewController.swift; sourceTree = "<group>"; };
		6B8D5A2B2139584F00AB9122 /* NewWorkViewController.swift */ = {isa = PBXFileReference; lastKnownFileType = sourcecode.swift; path = NewWorkViewController.swift; sourceTree = "<group>"; };
		6B8D5A2D21395DE800AB9122 /* WorkingViewController.swift */ = {isa = PBXFileReference; lastKnownFileType = sourcecode.swift; path = WorkingViewController.swift; sourceTree = "<group>"; };
		6BC01B7B21140CCA00BD81BE /* Hourglass.app */ = {isa = PBXFileReference; explicitFileType = wrapper.application; includeInIndex = 0; path = Hourglass.app; sourceTree = BUILT_PRODUCTS_DIR; };
		6BC01B7E21140CCA00BD81BE /* AppDelegate.swift */ = {isa = PBXFileReference; lastKnownFileType = sourcecode.swift; path = AppDelegate.swift; sourceTree = "<group>"; };
		6BC01B8021140CCA00BD81BE /* ViewController.swift */ = {isa = PBXFileReference; lastKnownFileType = sourcecode.swift; path = ViewController.swift; sourceTree = "<group>"; };
		6BC01B8321140CCA00BD81BE /* Base */ = {isa = PBXFileReference; lastKnownFileType = file.storyboard; name = Base; path = Base.lproj/Main.storyboard; sourceTree = "<group>"; };
		6BC01B8521140CCB00BD81BE /* Assets.xcassets */ = {isa = PBXFileReference; lastKnownFileType = folder.assetcatalog; path = Assets.xcassets; sourceTree = "<group>"; };
		6BC01B8821140CCB00BD81BE /* Base */ = {isa = PBXFileReference; lastKnownFileType = file.storyboard; name = Base; path = Base.lproj/LaunchScreen.storyboard; sourceTree = "<group>"; };
		6BC01B8A21140CCB00BD81BE /* Info.plist */ = {isa = PBXFileReference; lastKnownFileType = text.plist.xml; path = Info.plist; sourceTree = "<group>"; };
		E3FAAA2F1A1710213C5A2A2E /* Pods_Hourglass.framework */ = {isa = PBXFileReference; explicitFileType = wrapper.framework; includeInIndex = 0; path = Pods_Hourglass.framework; sourceTree = BUILT_PRODUCTS_DIR; };
		EBFE5B0F2189A611532C8E32 /* Pods-Hourglass.release.xcconfig */ = {isa = PBXFileReference; includeInIndex = 1; lastKnownFileType = text.xcconfig; name = "Pods-Hourglass.release.xcconfig"; path = "Pods/Target Support Files/Pods-Hourglass/Pods-Hourglass.release.xcconfig"; sourceTree = "<group>"; };
/* End PBXFileReference section */

/* Begin PBXFrameworksBuildPhase section */
		6BC01B7821140CCA00BD81BE /* Frameworks */ = {
			isa = PBXFrameworksBuildPhase;
			buildActionMask = 2147483647;
			files = (
				826A8AC7829FAD1542F911F9 /* Pods_Hourglass.framework in Frameworks */,
			);
			runOnlyForDeploymentPostprocessing = 0;
		};
/* End PBXFrameworksBuildPhase section */

/* Begin PBXGroup section */
		6B6FEF122154F985000653FF /* MODEL */ = {
			isa = PBXGroup;
			children = (
				6B8B3A47215524C600E682B6 /* TimeMeasurementInfo+CoreDataClass.swift */,
				6B8B3A48215524C600E682B6 /* TimeMeasurementInfo+CoreDataProperties.swift */,
				6B8B3A49215524C600E682B6 /* WorkInfo+CoreDataClass.swift */,
				6B8B3A4A215524C600E682B6 /* WorkInfo+CoreDataProperties.swift */,
				6B6FEF092154E3D1000653FF /* Hourglass.xcdatamodeld */,
			);
			path = MODEL;
			sourceTree = "<group>";
		};
		6B8B3A4F2155272700E682B6 /* ViewControllers */ = {
			isa = PBXGroup;
			children = (
				6BC01B8021140CCA00BD81BE /* ViewController.swift */,
				6B8D5A2B2139584F00AB9122 /* NewWorkViewController.swift */,
				6B8D5A292139556400AB9122 /* MainViewController.swift */,
				6B8D5A2D21395DE800AB9122 /* WorkingViewController.swift */,
				6B55792421481A3E00CE51FC /* WorkInfoViewController.swift */,
				6B55792621481B6700CE51FC /* RecordTableViewController.swift */,
				6B55792821481CB100CE51FC /* SettingViewController.swift */,
				6B6FEF032153EB57000653FF /* BackupViewController.swift */,
				6B6FEF052153EB86000653FF /* PreviousBackupTableViewController.swift */,
			);
			name = ViewControllers;
			sourceTree = "<group>";
		};
		6BC01B7221140CCA00BD81BE = {
			isa = PBXGroup;
			children = (
				6BC01B7D21140CCA00BD81BE /* Hourglass */,
				6BC01B7C21140CCA00BD81BE /* Products */,
				BF7B95C6DE35FD73746EFBAC /* Pods */,
				757511324807B5D15C7E6414 /* Frameworks */,
			);
			sourceTree = "<group>";
		};
		6BC01B7C21140CCA00BD81BE /* Products */ = {
			isa = PBXGroup;
			children = (
				6BC01B7B21140CCA00BD81BE /* Hourglass.app */,
			);
			name = Products;
			sourceTree = "<group>";
		};
		6BC01B7D21140CCA00BD81BE /* Hourglass */ = {
			isa = PBXGroup;
			children = (
				6B6FEF122154F985000653FF /* MODEL */,
				6B8B3A4F2155272700E682B6 /* ViewControllers */,
				6BC01B7E21140CCA00BD81BE /* AppDelegate.swift */,
				6BC01B8221140CCA00BD81BE /* Main.storyboard */,
				6BC01B8521140CCB00BD81BE /* Assets.xcassets */,
				6BC01B8721140CCB00BD81BE /* LaunchScreen.storyboard */,
				6BC01B8A21140CCB00BD81BE /* Info.plist */,
				6B6FEF072154558E000653FF /* ScreenExtension.swift */,
			);
			path = Hourglass;
			sourceTree = "<group>";
		};
		757511324807B5D15C7E6414 /* Frameworks */ = {
			isa = PBXGroup;
			children = (
				E3FAAA2F1A1710213C5A2A2E /* Pods_Hourglass.framework */,
			);
			name = Frameworks;
			sourceTree = "<group>";
		};
		BF7B95C6DE35FD73746EFBAC /* Pods */ = {
			isa = PBXGroup;
			children = (
				48399129BC9C3D5610DFD73B /* Pods-Hourglass.debug.xcconfig */,
				EBFE5B0F2189A611532C8E32 /* Pods-Hourglass.release.xcconfig */,
			);
			name = Pods;
			sourceTree = "<group>";
		};
/* End PBXGroup section */

/* Begin PBXNativeTarget section */
		6BC01B7A21140CCA00BD81BE /* Hourglass */ = {
			isa = PBXNativeTarget;
			buildConfigurationList = 6BC01B8D21140CCB00BD81BE /* Build configuration list for PBXNativeTarget "Hourglass" */;
			buildPhases = (
				7F2A32FA990FBBC8654FEE68 /* [CP] Check Pods Manifest.lock */,
				6BC01B7721140CCA00BD81BE /* Sources */,
				6BC01B7821140CCA00BD81BE /* Frameworks */,
				6BC01B7921140CCA00BD81BE /* Resources */,
				0968E622A4AF27F0FADB92EA /* [CP] Embed Pods Frameworks */,
				783B112768C958400B01FFCD /* [CP] Copy Pods Resources */,
			);
			buildRules = (
			);
			dependencies = (
			);
			name = Hourglass;
			productName = Hourglass;
			productReference = 6BC01B7B21140CCA00BD81BE /* Hourglass.app */;
			productType = "com.apple.product-type.application";
		};
/* End PBXNativeTarget section */

/* Begin PBXProject section */
		6BC01B7321140CCA00BD81BE /* Project object */ = {
			isa = PBXProject;
			attributes = {
				LastSwiftUpdateCheck = 0940;
				LastUpgradeCheck = 0940;
				ORGANIZATIONNAME = "김문옥";
				TargetAttributes = {
					6BC01B7A21140CCA00BD81BE = {
						CreatedOnToolsVersion = 9.4.1;
					};
				};
			};
			buildConfigurationList = 6BC01B7621140CCA00BD81BE /* Build configuration list for PBXProject "Hourglass" */;
			compatibilityVersion = "Xcode 9.3";
			developmentRegion = en;
			hasScannedForEncodings = 0;
			knownRegions = (
				en,
				Base,
			);
			mainGroup = 6BC01B7221140CCA00BD81BE;
			productRefGroup = 6BC01B7C21140CCA00BD81BE /* Products */;
			projectDirPath = "";
			projectRoot = "";
			targets = (
				6BC01B7A21140CCA00BD81BE /* Hourglass */,
			);
		};
/* End PBXProject section */

/* Begin PBXResourcesBuildPhase section */
		6BC01B7921140CCA00BD81BE /* Resources */ = {
			isa = PBXResourcesBuildPhase;
			buildActionMask = 2147483647;
			files = (
				6BC01B8921140CCB00BD81BE /* LaunchScreen.storyboard in Resources */,
				6BC01B8621140CCB00BD81BE /* Assets.xcassets in Resources */,
				6BC01B8421140CCA00BD81BE /* Main.storyboard in Resources */,
			);
			runOnlyForDeploymentPostprocessing = 0;
		};
/* End PBXResourcesBuildPhase section */

/* Begin PBXShellScriptBuildPhase section */
		0968E622A4AF27F0FADB92EA /* [CP] Embed Pods Frameworks */ = {
			isa = PBXShellScriptBuildPhase;
			buildActionMask = 2147483647;
			files = (
			);
			inputPaths = (
				"${SRCROOT}/Pods/Target Support Files/Pods-Hourglass/Pods-Hourglass-frameworks.sh",
				"${BUILT_PRODUCTS_DIR}/MDFInternationalization/MDFInternationalization.framework",
				"${BUILT_PRODUCTS_DIR}/MaterialComponents/MaterialComponents.framework",
			);
			name = "[CP] Embed Pods Frameworks";
			outputPaths = (
				"${TARGET_BUILD_DIR}/${FRAMEWORKS_FOLDER_PATH}/MDFInternationalization.framework",
				"${TARGET_BUILD_DIR}/${FRAMEWORKS_FOLDER_PATH}/MaterialComponents.framework",
			);
			runOnlyForDeploymentPostprocessing = 0;
			shellPath = /bin/sh;
			shellScript = "\"${SRCROOT}/Pods/Target Support Files/Pods-Hourglass/Pods-Hourglass-frameworks.sh\"\n";
			showEnvVarsInLog = 0;
		};
		783B112768C958400B01FFCD /* [CP] Copy Pods Resources */ = {
			isa = PBXShellScriptBuildPhase;
			buildActionMask = 2147483647;
			files = (
			);
			inputPaths = (
			);
			name = "[CP] Copy Pods Resources";
			outputPaths = (
			);
			runOnlyForDeploymentPostprocessing = 0;
			shellPath = /bin/sh;
			shellScript = "\"${SRCROOT}/Pods/Target Support Files/Pods-Hourglass/Pods-Hourglass-resources.sh\"\n";
			showEnvVarsInLog = 0;
		};
		7F2A32FA990FBBC8654FEE68 /* [CP] Check Pods Manifest.lock */ = {
			isa = PBXShellScriptBuildPhase;
			buildActionMask = 2147483647;
			files = (
			);
			inputPaths = (
				"${PODS_PODFILE_DIR_PATH}/Podfile.lock",
				"${PODS_ROOT}/Manifest.lock",
			);
			name = "[CP] Check Pods Manifest.lock";
			outputPaths = (
				"$(DERIVED_FILE_DIR)/Pods-Hourglass-checkManifestLockResult.txt",
			);
			runOnlyForDeploymentPostprocessing = 0;
			shellPath = /bin/sh;
			shellScript = "diff \"${PODS_PODFILE_DIR_PATH}/Podfile.lock\" \"${PODS_ROOT}/Manifest.lock\" > /dev/null\nif [ $? != 0 ] ; then\n    # print error to STDERR\n    echo \"error: The sandbox is not in sync with the Podfile.lock. Run 'pod install' or update your CocoaPods installation.\" >&2\n    exit 1\nfi\n# This output is used by Xcode 'outputs' to avoid re-running this script phase.\necho \"SUCCESS\" > \"${SCRIPT_OUTPUT_FILE_0}\"\n";
			showEnvVarsInLog = 0;
		};
/* End PBXShellScriptBuildPhase section */

/* Begin PBXSourcesBuildPhase section */
		6BC01B7721140CCA00BD81BE /* Sources */ = {
			isa = PBXSourcesBuildPhase;
			buildActionMask = 2147483647;
			files = (
				6B8B3A4D215524C600E682B6 /* WorkInfo+CoreDataClass.swift in Sources */,
				6B8D5A2A2139556400AB9122 /* MainViewController.swift in Sources */,
				6B8B3A4E215524C600E682B6 /* WorkInfo+CoreDataProperties.swift in Sources */,
				6BC01B8121140CCA00BD81BE /* ViewController.swift in Sources */,
				6B8D5A2E21395DE800AB9122 /* WorkingViewController.swift in Sources */,
				6B55792921481CB100CE51FC /* SettingViewController.swift in Sources */,
				6B55792721481B6700CE51FC /* RecordTableViewController.swift in Sources */,
				6B8B3A4B215524C600E682B6 /* TimeMeasurementInfo+CoreDataClass.swift in Sources */,
				6B8D5A2C2139584F00AB9122 /* NewWorkViewController.swift in Sources */,
				6B6FEF062153EB86000653FF /* PreviousBackupTableViewController.swift in Sources */,
				6BC01B7F21140CCA00BD81BE /* AppDelegate.swift in Sources */,
				6B55792521481A3E00CE51FC /* WorkInfoViewController.swift in Sources */,
				6B6FEF082154558E000653FF /* ScreenExtension.swift in Sources */,
				6B8B3A4C215524C600E682B6 /* TimeMeasurementInfo+CoreDataProperties.swift in Sources */,
				6B6FEF0B2154E3D1000653FF /* Hourglass.xcdatamodeld in Sources */,
				6B6FEF042153EB57000653FF /* BackupViewController.swift in Sources */,
			);
			runOnlyForDeploymentPostprocessing = 0;
		};
/* End PBXSourcesBuildPhase section */

/* Begin PBXVariantGroup section */
		6BC01B8221140CCA00BD81BE /* Main.storyboard */ = {
			isa = PBXVariantGroup;
			children = (
				6BC01B8321140CCA00BD81BE /* Base */,
			);
			name = Main.storyboard;
			sourceTree = "<group>";
		};
		6BC01B8721140CCB00BD81BE /* LaunchScreen.storyboard */ = {
			isa = PBXVariantGroup;
			children = (
				6BC01B8821140CCB00BD81BE /* Base */,
			);
			name = LaunchScreen.storyboard;
			sourceTree = "<group>";
		};
/* End PBXVariantGroup section */

/* Begin XCBuildConfiguration section */
		6BC01B8B21140CCB00BD81BE /* Debug */ = {
			isa = XCBuildConfiguration;
			buildSettings = {
				ALWAYS_SEARCH_USER_PATHS = NO;
				CLANG_ANALYZER_NONNULL = YES;
				CLANG_ANALYZER_NUMBER_OBJECT_CONVERSION = YES_AGGRESSIVE;
				CLANG_CXX_LANGUAGE_STANDARD = "gnu++14";
				CLANG_CXX_LIBRARY = "libc++";
				CLANG_ENABLE_MODULES = YES;
				CLANG_ENABLE_OBJC_ARC = YES;
				CLANG_ENABLE_OBJC_WEAK = YES;
				CLANG_WARN_BLOCK_CAPTURE_AUTORELEASING = YES;
				CLANG_WARN_BOOL_CONVERSION = YES;
				CLANG_WARN_COMMA = YES;
				CLANG_WARN_CONSTANT_CONVERSION = YES;
				CLANG_WARN_DEPRECATED_OBJC_IMPLEMENTATIONS = YES;
				CLANG_WARN_DIRECT_OBJC_ISA_USAGE = YES_ERROR;
				CLANG_WARN_DOCUMENTATION_COMMENTS = YES;
				CLANG_WARN_EMPTY_BODY = YES;
				CLANG_WARN_ENUM_CONVERSION = YES;
				CLANG_WARN_INFINITE_RECURSION = YES;
				CLANG_WARN_INT_CONVERSION = YES;
				CLANG_WARN_NON_LITERAL_NULL_CONVERSION = YES;
				CLANG_WARN_OBJC_IMPLICIT_RETAIN_SELF = YES;
				CLANG_WARN_OBJC_LITERAL_CONVERSION = YES;
				CLANG_WARN_OBJC_ROOT_CLASS = YES_ERROR;
				CLANG_WARN_RANGE_LOOP_ANALYSIS = YES;
				CLANG_WARN_STRICT_PROTOTYPES = YES;
				CLANG_WARN_SUSPICIOUS_MOVE = YES;
				CLANG_WARN_UNGUARDED_AVAILABILITY = YES_AGGRESSIVE;
				CLANG_WARN_UNREACHABLE_CODE = YES;
				CLANG_WARN__DUPLICATE_METHOD_MATCH = YES;
				CODE_SIGN_IDENTITY = "iPhone Developer";
				COPY_PHASE_STRIP = NO;
				DEBUG_INFORMATION_FORMAT = dwarf;
				ENABLE_STRICT_OBJC_MSGSEND = YES;
				ENABLE_TESTABILITY = YES;
				GCC_C_LANGUAGE_STANDARD = gnu11;
				GCC_DYNAMIC_NO_PIC = NO;
				GCC_NO_COMMON_BLOCKS = YES;
				GCC_OPTIMIZATION_LEVEL = 0;
				GCC_PREPROCESSOR_DEFINITIONS = (
					"DEBUG=1",
					"$(inherited)",
				);
				GCC_WARN_64_TO_32_BIT_CONVERSION = YES;
				GCC_WARN_ABOUT_RETURN_TYPE = YES_ERROR;
				GCC_WARN_UNDECLARED_SELECTOR = YES;
				GCC_WARN_UNINITIALIZED_AUTOS = YES_AGGRESSIVE;
				GCC_WARN_UNUSED_FUNCTION = YES;
				GCC_WARN_UNUSED_VARIABLE = YES;
				IPHONEOS_DEPLOYMENT_TARGET = 11.4;
				MTL_ENABLE_DEBUG_INFO = YES;
				ONLY_ACTIVE_ARCH = YES;
				SDKROOT = iphoneos;
				SWIFT_ACTIVE_COMPILATION_CONDITIONS = DEBUG;
				SWIFT_OPTIMIZATION_LEVEL = "-Onone";
			};
			name = Debug;
		};
		6BC01B8C21140CCB00BD81BE /* Release */ = {
			isa = XCBuildConfiguration;
			buildSettings = {
				ALWAYS_SEARCH_USER_PATHS = NO;
				CLANG_ANALYZER_NONNULL = YES;
				CLANG_ANALYZER_NUMBER_OBJECT_CONVERSION = YES_AGGRESSIVE;
				CLANG_CXX_LANGUAGE_STANDARD = "gnu++14";
				CLANG_CXX_LIBRARY = "libc++";
				CLANG_ENABLE_MODULES = YES;
				CLANG_ENABLE_OBJC_ARC = YES;
				CLANG_ENABLE_OBJC_WEAK = YES;
				CLANG_WARN_BLOCK_CAPTURE_AUTORELEASING = YES;
				CLANG_WARN_BOOL_CONVERSION = YES;
				CLANG_WARN_COMMA = YES;
				CLANG_WARN_CONSTANT_CONVERSION = YES;
				CLANG_WARN_DEPRECATED_OBJC_IMPLEMENTATIONS = YES;
				CLANG_WARN_DIRECT_OBJC_ISA_USAGE = YES_ERROR;
				CLANG_WARN_DOCUMENTATION_COMMENTS = YES;
				CLANG_WARN_EMPTY_BODY = YES;
				CLANG_WARN_ENUM_CONVERSION = YES;
				CLANG_WARN_INFINITE_RECURSION = YES;
				CLANG_WARN_INT_CONVERSION = YES;
				CLANG_WARN_NON_LITERAL_NULL_CONVERSION = YES;
				CLANG_WARN_OBJC_IMPLICIT_RETAIN_SELF = YES;
				CLANG_WARN_OBJC_LITERAL_CONVERSION = YES;
				CLANG_WARN_OBJC_ROOT_CLASS = YES_ERROR;
				CLANG_WARN_RANGE_LOOP_ANALYSIS = YES;
				CLANG_WARN_STRICT_PROTOTYPES = YES;
				CLANG_WARN_SUSPICIOUS_MOVE = YES;
				CLANG_WARN_UNGUARDED_AVAILABILITY = YES_AGGRESSIVE;
				CLANG_WARN_UNREACHABLE_CODE = YES;
				CLANG_WARN__DUPLICATE_METHOD_MATCH = YES;
				CODE_SIGN_IDENTITY = "iPhone Developer";
				COPY_PHASE_STRIP = NO;
				DEBUG_INFORMATION_FORMAT = "dwarf-with-dsym";
				ENABLE_NS_ASSERTIONS = NO;
				ENABLE_STRICT_OBJC_MSGSEND = YES;
				GCC_C_LANGUAGE_STANDARD = gnu11;
				GCC_NO_COMMON_BLOCKS = YES;
				GCC_WARN_64_TO_32_BIT_CONVERSION = YES;
				GCC_WARN_ABOUT_RETURN_TYPE = YES_ERROR;
				GCC_WARN_UNDECLARED_SELECTOR = YES;
				GCC_WARN_UNINITIALIZED_AUTOS = YES_AGGRESSIVE;
				GCC_WARN_UNUSED_FUNCTION = YES;
				GCC_WARN_UNUSED_VARIABLE = YES;
				IPHONEOS_DEPLOYMENT_TARGET = 11.4;
				MTL_ENABLE_DEBUG_INFO = NO;
				SDKROOT = iphoneos;
				SWIFT_COMPILATION_MODE = wholemodule;
				SWIFT_OPTIMIZATION_LEVEL = "-O";
				VALIDATE_PRODUCT = YES;
			};
			name = Release;
		};
		6BC01B8E21140CCB00BD81BE /* Debug */ = {
			isa = XCBuildConfiguration;
			baseConfigurationReference = 48399129BC9C3D5610DFD73B /* Pods-Hourglass.debug.xcconfig */;
			buildSettings = {
				ASSETCATALOG_COMPILER_APPICON_NAME = AppIcon;
				CODE_SIGN_STYLE = Automatic;
				DEVELOPMENT_TEAM = L2N9WY9T58;
				INFOPLIST_FILE = Hourglass/Info.plist;
				LD_RUNPATH_SEARCH_PATHS = (
					"$(inherited)",
					"@executable_path/Frameworks",
				);
				PRODUCT_BUNDLE_IDENTIFIER = HelloWorld.Munok.Hourglass;
				PRODUCT_NAME = "$(TARGET_NAME)";
				SWIFT_VERSION = 4.0;
				TARGETED_DEVICE_FAMILY = 1;
			};
			name = Debug;
		};
		6BC01B8F21140CCB00BD81BE /* Release */ = {
			isa = XCBuildConfiguration;
			baseConfigurationReference = EBFE5B0F2189A611532C8E32 /* Pods-Hourglass.release.xcconfig */;
			buildSettings = {
				ASSETCATALOG_COMPILER_APPICON_NAME = AppIcon;
				CODE_SIGN_STYLE = Automatic;
				DEVELOPMENT_TEAM = L2N9WY9T58;
				INFOPLIST_FILE = Hourglass/Info.plist;
				LD_RUNPATH_SEARCH_PATHS = (
					"$(inherited)",
					"@executable_path/Frameworks",
				);
				PRODUCT_BUNDLE_IDENTIFIER = HelloWorld.Munok.Hourglass;
				PRODUCT_NAME = "$(TARGET_NAME)";
				SWIFT_VERSION = 4.0;
				TARGETED_DEVICE_FAMILY = 1;
			};
			name = Release;
		};
/* End XCBuildConfiguration section */

/* Begin XCConfigurationList section */
		6BC01B7621140CCA00BD81BE /* Build configuration list for PBXProject "Hourglass" */ = {
			isa = XCConfigurationList;
			buildConfigurations = (
				6BC01B8B21140CCB00BD81BE /* Debug */,
				6BC01B8C21140CCB00BD81BE /* Release */,
			);
			defaultConfigurationIsVisible = 0;
			defaultConfigurationName = Release;
		};
		6BC01B8D21140CCB00BD81BE /* Build configuration list for PBXNativeTarget "Hourglass" */ = {
			isa = XCConfigurationList;
			buildConfigurations = (
				6BC01B8E21140CCB00BD81BE /* Debug */,
				6BC01B8F21140CCB00BD81BE /* Release */,
			);
			defaultConfigurationIsVisible = 0;
			defaultConfigurationName = Release;
		};
/* End XCConfigurationList section */

/* Begin XCVersionGroup section */
		6B6FEF092154E3D1000653FF /* Hourglass.xcdatamodeld */ = {
			isa = XCVersionGroup;
			children = (
				6B6FEF0A2154E3D1000653FF /* Hourglass.xcdatamodel */,
			);
			currentVersion = 6B6FEF0A2154E3D1000653FF /* Hourglass.xcdatamodel */;
			path = Hourglass.xcdatamodeld;
			sourceTree = "<group>";
			versionGroupType = wrapper.xcdatamodel;
		};
/* End XCVersionGroup section */
	};
	rootObject = 6BC01B7321140CCA00BD81BE /* Project object */;
}
